<?xml version="1.0" encoding="utf-8"?>
<Project ToolsVersion="4.0" xmlns="http://schemas.microsoft.com/developer/msbuild/2003">
  <ItemGroup>
    <Filter Include="Windows">
      <UniqueIdentifier>{79adbdc1-bbc8-4942-b953-32b32d375624}</UniqueIdentifier>
    </Filter>
    <Filter Include="Windows\헤더 파일">
      <UniqueIdentifier>{93995380-89BD-4b04-88EB-625FBE52EBFB}</UniqueIdentifier>
      <Extensions>h;hh;hpp;hxx;h++;hm;inl;inc;ipp;xsd</Extensions>
    </Filter>
    <Filter Include="Windows\리소스 파일">
      <UniqueIdentifier>{67DA6AB6-F800-4c08-8B7A-83BB121AAD01}</UniqueIdentifier>
      <Extensions>rc;ico;cur;bmp;dlg;rc2;rct;bin;rgs;gif;jpg;jpeg;jpe;resx;tiff;tif;png;wav;mfcribbon-ms</Extensions>
    </Filter>
    <Filter Include="Application">
      <UniqueIdentifier>{cfd05f04-443c-43cb-a752-dfe06b800437}</UniqueIdentifier>
    </Filter>
  </ItemGroup>
  <ItemGroup>
    <ClInclude Include="framework.h">
      <Filter>Windows\헤더 파일</Filter>
    </ClInclude>
    <ClInclude Include="targetver.h">
      <Filter>Windows\헤더 파일</Filter>
    </ClInclude>
    <ClInclude Include="Resource.h">
      <Filter>Windows\헤더 파일</Filter>
    </ClInclude>
    <ClInclude Include="Client.h">
      <Filter>Windows\헤더 파일</Filter>
    </ClInclude>
    <ClInclude Include="TextDetectorApplication.h">
      <Filter>Application</Filter>
    </ClInclude>
    <ClInclude Include="CSaveLoad.h">
      <Filter>Application</Filter>
    </ClInclude>
    <ClInclude Include="global.h">
      <Filter>Application</Filter>
    </ClInclude>
    <ClInclude Include="pch.h">
      <Filter>Windows\헤더 파일</Filter>
    </ClInclude>
    <ClInclude Include="func.h">
      <Filter>Windows\헤더 파일</Filter>
    </ClInclude>
  </ItemGroup>
  <ItemGroup>
    <ResourceCompile Include="Client.rc">
      <Filter>Windows\리소스 파일</Filter>
    </ResourceCompile>
    <ResourceCompile Include="EditWebhook.rc">
      <Filter>Windows\리소스 파일</Filter>
    </ResourceCompile>
  </ItemGroup>
  <ItemGroup>
    <Image Include="small.ico">
      <Filter>Windows\리소스 파일</Filter>
    </Image>
    <Image Include="Client.ico">
      <Filter>Windows\리소스 파일</Filter>
    </Image>
  </ItemGroup>
  <ItemGroup>
    <ClCompile Include="main.cpp" />
    <ClCompile Include="TextDetectorApplication.cpp">
      <Filter>Application</Filter>
    </ClCompile>
    <ClCompile Include="CSaveLoad.cpp">
      <Filter>Application</Filter>
    </ClCompile>
    <ClCompile Include="pch.cpp" />
    <ClCompile Include="func.cpp" />
  </ItemGroup>
</Project>